
Microsoft Visual Studio Solution File, Format Version 12.00
# Visual Studio Version 17
VisualStudioVersion = 17.11.35208.52
MinimumVisualStudioVersion = 10.0.40219.1
Project("{2150E333-8FDC-42A3-9474-1A3956D46DE8}") = "Core", "Core", "{A7376DF5-A156-4256-A7BF-AA9228155629}"
EndProject
Project("{2150E333-8FDC-42A3-9474-1A3956D46DE8}") = "Infrasturcture", "Infrasturcture", "{401BAB50-C31F-4771-AEB1-1D0F799512FE}"
EndProject
Project("{2150E333-8FDC-42A3-9474-1A3956D46DE8}") = "Presentation", "Presentation", "{4015122C-2224-4B21-8A5C-BD1BED067EE9}"
EndProject
Project("{9A19103F-16F7-4668-BE54-9A1E7A4F7556}") = "RealTimeChatApp.Domain", "Core\RealTimeChatApp.Domain\RealTimeChatApp.Domain.csproj", "{E82604E1-0FB8-41D9-A864-3B2CB6C50949}"
EndProject
Project("{9A19103F-16F7-4668-BE54-9A1E7A4F7556}") = "RealTimeChatApp.Application", "Core\RealTimeChatApp.Application\RealTimeChatApp.Application.csproj", "{1C9C6AB2-22A9-4417-AF85-8E9F0EA3B73D}"
EndProject
Project("{9A19103F-16F7-4668-BE54-9A1E7A4F7556}") = "RealTimeChatApp.Infrastructure", "Infrastructure\RealTimeChatApp.Infrastructure\RealTimeChatApp.Infrastructure.csproj", "{78883216-1515-4CA2-94C3-174BA499B8D8}"
EndProject
Project("{9A19103F-16F7-4668-BE54-9A1E7A4F7556}") = "RealTimeChatApp.Persistence", "Infrastructure\RealTimeChatApp.Persistence\RealTimeChatApp.Persistence.csproj", "{60742089-79BC-4009-BD42-6DC8245C7615}"
EndProject
Project("{9A19103F-16F7-4668-BE54-9A1E7A4F7556}") = "RealTimeChatApp.Api", "Presentation\RealTimeChatApp.Api\RealTimeChatApp.Api.csproj", "{61FFC3BA-7437-4EFC-98E9-3CB88A2D2F8C}"
EndProject
Project("{9A19103F-16F7-4668-BE54-9A1E7A4F7556}") = "RealTimeChatApp.AutoMapper", "Core\RealTimeChatApp.AutoMapper\RealTimeChatApp.AutoMapper.csproj", "{E4A4B5DE-44CB-42F7-B195-52D5E938B0B3}"
EndProject
Project("{2150E333-8FDC-42A3-9474-1A3956D46DE8}") = "UI", "UI", "{057691B8-C81E-402D-BFBC-1A7D27111F5D}"
EndProject
Project("{9A19103F-16F7-4668-BE54-9A1E7A4F7556}") = "RealTimeChatApp.UI", "UI\RealTimeChatApp.UI\RealTimeChatApp.UI.csproj", "{345C6A5B-3F0E-41FD-9A71-D2B17D3ACD84}"
EndProject
Global
	GlobalSection(SolutionConfigurationPlatforms) = preSolution
		Debug|Any CPU = Debug|Any CPU
		Release|Any CPU = Release|Any CPU
	EndGlobalSection
	GlobalSection(ProjectConfigurationPlatforms) = postSolution
		{E82604E1-0FB8-41D9-A864-3B2CB6C50949}.Debug|Any CPU.ActiveCfg = Debug|Any CPU
		{E82604E1-0FB8-41D9-A864-3B2CB6C50949}.Debug|Any CPU.Build.0 = Debug|Any CPU
		{E82604E1-0FB8-41D9-A864-3B2CB6C50949}.Release|Any CPU.ActiveCfg = Release|Any CPU
		{E82604E1-0FB8-41D9-A864-3B2CB6C50949}.Release|Any CPU.Build.0 = Release|Any CPU
		{1C9C6AB2-22A9-4417-AF85-8E9F0EA3B73D}.Debug|Any CPU.ActiveCfg = Debug|Any CPU
		{1C9C6AB2-22A9-4417-AF85-8E9F0EA3B73D}.Debug|Any CPU.Build.0 = Debug|Any CPU
		{1C9C6AB2-22A9-4417-AF85-8E9F0EA3B73D}.Release|Any CPU.ActiveCfg = Release|Any CPU
		{1C9C6AB2-22A9-4417-AF85-8E9F0EA3B73D}.Release|Any CPU.Build.0 = Release|Any CPU
		{78883216-1515-4CA2-94C3-174BA499B8D8}.Debug|Any CPU.ActiveCfg = Debug|Any CPU
		{78883216-1515-4CA2-94C3-174BA499B8D8}.Debug|Any CPU.Build.0 = Debug|Any CPU
		{78883216-1515-4CA2-94C3-174BA499B8D8}.Release|Any CPU.ActiveCfg = Release|Any CPU
		{78883216-1515-4CA2-94C3-174BA499B8D8}.Release|Any CPU.Build.0 = Release|Any CPU
		{60742089-79BC-4009-BD42-6DC8245C7615}.Debug|Any CPU.ActiveCfg = Debug|Any CPU
		{60742089-79BC-4009-BD42-6DC8245C7615}.Debug|Any CPU.Build.0 = Debug|Any CPU
		{60742089-79BC-4009-BD42-6DC8245C7615}.Release|Any CPU.ActiveCfg = Release|Any CPU
		{60742089-79BC-4009-BD42-6DC8245C7615}.Release|Any CPU.Build.0 = Release|Any CPU
		{61FFC3BA-7437-4EFC-98E9-3CB88A2D2F8C}.Debug|Any CPU.ActiveCfg = Debug|Any CPU
		{61FFC3BA-7437-4EFC-98E9-3CB88A2D2F8C}.Debug|Any CPU.Build.0 = Debug|Any CPU
		{61FFC3BA-7437-4EFC-98E9-3CB88A2D2F8C}.Release|Any CPU.ActiveCfg = Release|Any CPU
		{61FFC3BA-7437-4EFC-98E9-3CB88A2D2F8C}.Release|Any CPU.Build.0 = Release|Any CPU
		{E4A4B5DE-44CB-42F7-B195-52D5E938B0B3}.Debug|Any CPU.ActiveCfg = Debug|Any CPU
		{E4A4B5DE-44CB-42F7-B195-52D5E938B0B3}.Debug|Any CPU.Build.0 = Debug|Any CPU
		{E4A4B5DE-44CB-42F7-B195-52D5E938B0B3}.Release|Any CPU.ActiveCfg = Release|Any CPU
		{E4A4B5DE-44CB-42F7-B195-52D5E938B0B3}.Release|Any CPU.Build.0 = Release|Any CPU
		{345C6A5B-3F0E-41FD-9A71-D2B17D3ACD84}.Debug|Any CPU.ActiveCfg = Debug|Any CPU
		{345C6A5B-3F0E-41FD-9A71-D2B17D3ACD84}.Debug|Any CPU.Build.0 = Debug|Any CPU
		{345C6A5B-3F0E-41FD-9A71-D2B17D3ACD84}.Release|Any CPU.ActiveCfg = Release|Any CPU
		{345C6A5B-3F0E-41FD-9A71-D2B17D3ACD84}.Release|Any CPU.Build.0 = Release|Any CPU
	EndGlobalSection
	GlobalSection(SolutionProperties) = preSolution
		HideSolutionNode = FALSE
	EndGlobalSection
	GlobalSection(NestedProjects) = preSolution
		{E82604E1-0FB8-41D9-A864-3B2CB6C50949} = {A7376DF5-A156-4256-A7BF-AA9228155629}
		{1C9C6AB2-22A9-4417-AF85-8E9F0EA3B73D} = {A7376DF5-A156-4256-A7BF-AA9228155629}
		{78883216-1515-4CA2-94C3-174BA499B8D8} = {401BAB50-C31F-4771-AEB1-1D0F799512FE}
		{60742089-79BC-4009-BD42-6DC8245C7615} = {401BAB50-C31F-4771-AEB1-1D0F799512FE}
		{61FFC3BA-7437-4EFC-98E9-3CB88A2D2F8C} = {4015122C-2224-4B21-8A5C-BD1BED067EE9}
		{E4A4B5DE-44CB-42F7-B195-52D5E938B0B3} = {A7376DF5-A156-4256-A7BF-AA9228155629}
		{345C6A5B-3F0E-41FD-9A71-D2B17D3ACD84} = {057691B8-C81E-402D-BFBC-1A7D27111F5D}
	EndGlobalSection
	GlobalSection(ExtensibilityGlobals) = postSolution
		SolutionGuid = {1D6C5D24-B4EE-4754-A1DB-6F0DEB4D3B0F}
	EndGlobalSection
EndGlobal
